// !$*UTF8*$!
{
	archiveVersion = 1;
	classes = {
	};
	objectVersion = 52;
	objects = {

/* Begin PBXBuildFile section */
		ED00A385286771C50057CA70 /* SuggestionManager.swift in Sources */ = {isa = PBXBuildFile; fileRef = ED00A384286771C50057CA70 /* SuggestionManager.swift */; };
		ED00A387286794E60057CA70 /* LicenseNoticesViewController.swift in Sources */ = {isa = PBXBuildFile; fileRef = ED00A386286794E60057CA70 /* LicenseNoticesViewController.swift */; };
		ED138CFA26CFB90A00CEE222 /* AppDelegate.swift in Sources */ = {isa = PBXBuildFile; fileRef = ED138CF926CFB90A00CEE222 /* AppDelegate.swift */; };
		ED138CFE26CFB91200CEE222 /* Assets.xcassets in Resources */ = {isa = PBXBuildFile; fileRef = ED138CFD26CFB91200CEE222 /* Assets.xcassets */; };
		ED138D0126CFB91200CEE222 /* Main.storyboard in Resources */ = {isa = PBXBuildFile; fileRef = ED138CFF26CFB91200CEE222 /* Main.storyboard */; };
		ED138D0A26CFBB6C00CEE222 /* CompletionManager.swift in Sources */ = {isa = PBXBuildFile; fileRef = ED138D0926CFBB6C00CEE222 /* CompletionManager.swift */; };
		ED138D0D26CFDF2600CEE222 /* CodeInteraction.m in Sources */ = {isa = PBXBuildFile; fileRef = ED138D0C26CFDF2600CEE222 /* CodeInteraction.m */; };
		ED2459AF26FB902B0004DA58 /* SettingsManager.swift in Sources */ = {isa = PBXBuildFile; fileRef = ED2459AE26FB902B0004DA58 /* SettingsManager.swift */; };
		ED56011029854C2400F7E21E /* ControlPanelView.swift in Sources */ = {isa = PBXBuildFile; fileRef = ED56010F29854C2400F7E21E /* ControlPanelView.swift */; };
		ED5601142985804200F7E21E /* SidebarView.swift in Sources */ = {isa = PBXBuildFile; fileRef = ED5601132985804200F7E21E /* SidebarView.swift */; };
		ED5601162985815300F7E21E /* HelpView.swift in Sources */ = {isa = PBXBuildFile; fileRef = ED5601152985815300F7E21E /* HelpView.swift */; };
		ED560118298584C800F7E21E /* SettingsView.swift in Sources */ = {isa = PBXBuildFile; fileRef = ED560117298584C800F7E21E /* SettingsView.swift */; };
		ED6A554526D12E1200FD04C6 /* UIElementUtilities.m in Sources */ = {isa = PBXBuildFile; fileRef = ED6A554426D12E1200FD04C6 /* UIElementUtilities.m */; settings = {COMPILER_FLAGS = "-fno-objc-arc"; }; };
		ED8F74C226D7EA8A0043A056 /* SnippetsManager.swift in Sources */ = {isa = PBXBuildFile; fileRef = ED8F74C126D7EA8A0043A056 /* SnippetsManager.swift */; };
		ED8F74C426D7EAE30043A056 /* Models.swift in Sources */ = {isa = PBXBuildFile; fileRef = ED8F74C326D7EAE30043A056 /* Models.swift */; };
		ED94E4452954ACD60017595F /* KeyboardShortcuts in Frameworks */ = {isa = PBXBuildFile; productRef = ED94E4442954ACD60017595F /* KeyboardShortcuts */; };
		ED94E4482954B6710017595F /* Realm in Frameworks */ = {isa = PBXBuildFile; productRef = ED94E4472954B6710017595F /* Realm */; };
		ED94E44A2954B6710017595F /* RealmSwift in Frameworks */ = {isa = PBXBuildFile; productRef = ED94E4492954B6710017595F /* RealmSwift */; };
		ED94E44D2954B71F0017595F /* Highlightr in Frameworks */ = {isa = PBXBuildFile; productRef = ED94E44C2954B71F0017595F /* Highlightr */; };
/* End PBXBuildFile section */

/* Begin PBXFileReference section */
		ED00A384286771C50057CA70 /* SuggestionManager.swift */ = {isa = PBXFileReference; lastKnownFileType = sourcecode.swift; path = SuggestionManager.swift; sourceTree = "<group>"; };
		ED00A386286794E60057CA70 /* LicenseNoticesViewController.swift */ = {isa = PBXFileReference; lastKnownFileType = sourcecode.swift; path = LicenseNoticesViewController.swift; sourceTree = "<group>"; };
		ED138CF626CFB90A00CEE222 /* Suggestions.app */ = {isa = PBXFileReference; explicitFileType = wrapper.application; includeInIndex = 0; path = Suggestions.app; sourceTree = BUILT_PRODUCTS_DIR; };
		ED138CF926CFB90A00CEE222 /* AppDelegate.swift */ = {isa = PBXFileReference; lastKnownFileType = sourcecode.swift; path = AppDelegate.swift; sourceTree = "<group>"; };
		ED138CFD26CFB91200CEE222 /* Assets.xcassets */ = {isa = PBXFileReference; lastKnownFileType = folder.assetcatalog; path = Assets.xcassets; sourceTree = "<group>"; };
		ED138D0026CFB91200CEE222 /* Base */ = {isa = PBXFileReference; lastKnownFileType = file.storyboard; name = Base; path = Base.lproj/Main.storyboard; sourceTree = "<group>"; };
		ED138D0226CFB91200CEE222 /* Info.plist */ = {isa = PBXFileReference; lastKnownFileType = text.plist.xml; path = Info.plist; sourceTree = "<group>"; };
		ED138D0326CFB91200CEE222 /* Suggestions.entitlements */ = {isa = PBXFileReference; lastKnownFileType = text.plist.entitlements; path = Suggestions.entitlements; sourceTree = "<group>"; };
		ED138D0926CFBB6C00CEE222 /* CompletionManager.swift */ = {isa = PBXFileReference; lastKnownFileType = sourcecode.swift; path = CompletionManager.swift; sourceTree = "<group>"; };
		ED138D0B26CFDF2600CEE222 /* Suggestions-Bridging-Header.h */ = {isa = PBXFileReference; lastKnownFileType = sourcecode.c.h; path = "Suggestions-Bridging-Header.h"; sourceTree = "<group>"; };
		ED138D0C26CFDF2600CEE222 /* CodeInteraction.m */ = {isa = PBXFileReference; lastKnownFileType = sourcecode.c.objc; path = CodeInteraction.m; sourceTree = "<group>"; };
		ED138D0E26CFDF4E00CEE222 /* CodeInteraction.h */ = {isa = PBXFileReference; lastKnownFileType = sourcecode.c.h; path = CodeInteraction.h; sourceTree = "<group>"; };
		ED2459AE26FB902B0004DA58 /* SettingsManager.swift */ = {isa = PBXFileReference; lastKnownFileType = sourcecode.swift; path = SettingsManager.swift; sourceTree = "<group>"; };
		ED56010F29854C2400F7E21E /* ControlPanelView.swift */ = {isa = PBXFileReference; lastKnownFileType = sourcecode.swift; path = ControlPanelView.swift; sourceTree = "<group>"; };
		ED5601132985804200F7E21E /* SidebarView.swift */ = {isa = PBXFileReference; lastKnownFileType = sourcecode.swift; path = SidebarView.swift; sourceTree = "<group>"; };
		ED5601152985815300F7E21E /* HelpView.swift */ = {isa = PBXFileReference; lastKnownFileType = sourcecode.swift; path = HelpView.swift; sourceTree = "<group>"; };
		ED560117298584C800F7E21E /* SettingsView.swift */ = {isa = PBXFileReference; lastKnownFileType = sourcecode.swift; path = SettingsView.swift; sourceTree = "<group>"; };
		ED6A554426D12E1200FD04C6 /* UIElementUtilities.m */ = {isa = PBXFileReference; fileEncoding = 4; lastKnownFileType = sourcecode.c.objc; path = UIElementUtilities.m; sourceTree = "<group>"; };
		ED6A554626D12E1900FD04C6 /* UIElementUtilities.h */ = {isa = PBXFileReference; lastKnownFileType = sourcecode.c.h; path = UIElementUtilities.h; sourceTree = "<group>"; };
		ED8F74C126D7EA8A0043A056 /* SnippetsManager.swift */ = {isa = PBXFileReference; lastKnownFileType = sourcecode.swift; path = SnippetsManager.swift; sourceTree = "<group>"; };
		ED8F74C326D7EAE30043A056 /* Models.swift */ = {isa = PBXFileReference; lastKnownFileType = sourcecode.swift; path = Models.swift; sourceTree = "<group>"; };
/* End PBXFileReference section */

/* Begin PBXFrameworksBuildPhase section */
		ED138CF326CFB90A00CEE222 /* Frameworks */ = {
			isa = PBXFrameworksBuildPhase;
			buildActionMask = 2147483647;
			files = (
				ED94E44D2954B71F0017595F /* Highlightr in Frameworks */,
				ED94E44A2954B6710017595F /* RealmSwift in Frameworks */,
				ED94E4482954B6710017595F /* Realm in Frameworks */,
				ED94E4452954ACD60017595F /* KeyboardShortcuts in Frameworks */,
			);
			runOnlyForDeploymentPostprocessing = 0;
		};
/* End PBXFrameworksBuildPhase section */

/* Begin PBXGroup section */
		ED138CED26CFB90A00CEE222 = {
			isa = PBXGroup;
			children = (
				ED138CF826CFB90A00CEE222 /* Suggestions */,
				ED138CF726CFB90A00CEE222 /* Products */,
			);
			sourceTree = "<group>";
		};
		ED138CF726CFB90A00CEE222 /* Products */ = {
			isa = PBXGroup;
			children = (
				ED138CF626CFB90A00CEE222 /* Suggestions.app */,
			);
			name = Products;
			sourceTree = "<group>";
		};
		ED138CF826CFB90A00CEE222 /* Suggestions */ = {
			isa = PBXGroup;
			children = (
				ED138CF926CFB90A00CEE222 /* AppDelegate.swift */,
				ED2459AE26FB902B0004DA58 /* SettingsManager.swift */,
				ED138D0926CFBB6C00CEE222 /* CompletionManager.swift */,
				ED8F74C126D7EA8A0043A056 /* SnippetsManager.swift */,
				ED8F74C326D7EAE30043A056 /* Models.swift */,
				ED56010D29854BE100F7E21E /* Views */,
				ED00A386286794E60057CA70 /* LicenseNoticesViewController.swift */,
				ED00A384286771C50057CA70 /* SuggestionManager.swift */,
				ED138D0E26CFDF4E00CEE222 /* CodeInteraction.h */,
				ED138D0C26CFDF2600CEE222 /* CodeInteraction.m */,
				ED6A554626D12E1900FD04C6 /* UIElementUtilities.h */,
				ED6A554426D12E1200FD04C6 /* UIElementUtilities.m */,
				ED138CFD26CFB91200CEE222 /* Assets.xcassets */,
				ED138CFF26CFB91200CEE222 /* Main.storyboard */,
				ED138D0226CFB91200CEE222 /* Info.plist */,
				ED138D0326CFB91200CEE222 /* Suggestions.entitlements */,
				ED138D0B26CFDF2600CEE222 /* Suggestions-Bridging-Header.h */,
			);
			path = Suggestions;
			sourceTree = "<group>";
		};
		ED56010D29854BE100F7E21E /* Views */ = {
			isa = PBXGroup;
			children = (
				ED56010F29854C2400F7E21E /* ControlPanelView.swift */,
				ED560117298584C800F7E21E /* SettingsView.swift */,
				ED5601152985815300F7E21E /* HelpView.swift */,
				ED5601132985804200F7E21E /* SidebarView.swift */,
			);
			path = Views;
			sourceTree = "<group>";
		};
/* End PBXGroup section */

/* Begin PBXNativeTarget section */
		ED138CF526CFB90A00CEE222 /* Suggestions */ = {
			isa = PBXNativeTarget;
			buildConfigurationList = ED138D0626CFB91200CEE222 /* Build configuration list for PBXNativeTarget "Suggestions" */;
			buildPhases = (
				ED138CF226CFB90A00CEE222 /* Sources */,
				ED138CF326CFB90A00CEE222 /* Frameworks */,
				ED138CF426CFB90A00CEE222 /* Resources */,
			);
			buildRules = (
			);
			dependencies = (
			);
			name = Suggestions;
			packageProductDependencies = (
				ED94E4442954ACD60017595F /* KeyboardShortcuts */,
				ED94E4472954B6710017595F /* Realm */,
				ED94E4492954B6710017595F /* RealmSwift */,
				ED94E44C2954B71F0017595F /* Highlightr */,
			);
			productName = CMCompletionFeatureExperimental;
			productReference = ED138CF626CFB90A00CEE222 /* Suggestions.app */;
			productType = "com.apple.product-type.application";
		};
/* End PBXNativeTarget section */

/* Begin PBXProject section */
		ED138CEE26CFB90A00CEE222 /* Project object */ = {
			isa = PBXProject;
			attributes = {
				LastSwiftUpdateCheck = 1250;
				LastUpgradeCheck = 1330;
				TargetAttributes = {
					ED138CF526CFB90A00CEE222 = {
						CreatedOnToolsVersion = 12.5.1;
						LastSwiftMigration = 1250;
					};
				};
			};
			buildConfigurationList = ED138CF126CFB90A00CEE222 /* Build configuration list for PBXProject "Suggestions" */;
			compatibilityVersion = "Xcode 9.3";
			developmentRegion = en;
			hasScannedForEncodings = 0;
			knownRegions = (
				en,
				Base,
			);
			mainGroup = ED138CED26CFB90A00CEE222;
			packageReferences = (
				ED94E4432954ACD60017595F /* XCRemoteSwiftPackageReference "KeyboardShortcuts" */,
				ED94E4462954B6710017595F /* XCRemoteSwiftPackageReference "realm-swift" */,
				ED94E44B2954B71F0017595F /* XCRemoteSwiftPackageReference "Highlightr" */,
			);
			productRefGroup = ED138CF726CFB90A00CEE222 /* Products */;
			projectDirPath = "";
			projectRoot = "";
			targets = (
				ED138CF526CFB90A00CEE222 /* Suggestions */,
			);
		};
/* End PBXProject section */

/* Begin PBXResourcesBuildPhase section */
		ED138CF426CFB90A00CEE222 /* Resources */ = {
			isa = PBXResourcesBuildPhase;
			buildActionMask = 2147483647;
			files = (
				ED138CFE26CFB91200CEE222 /* Assets.xcassets in Resources */,
				ED138D0126CFB91200CEE222 /* Main.storyboard in Resources */,
			);
			runOnlyForDeploymentPostprocessing = 0;
		};
/* End PBXResourcesBuildPhase section */

/* Begin PBXSourcesBuildPhase section */
		ED138CF226CFB90A00CEE222 /* Sources */ = {
			isa = PBXSourcesBuildPhase;
			buildActionMask = 2147483647;
			files = (
				ED8F74C426D7EAE30043A056 /* Models.swift in Sources */,
				ED5601162985815300F7E21E /* HelpView.swift in Sources */,
				ED2459AF26FB902B0004DA58 /* SettingsManager.swift in Sources */,
				ED56011029854C2400F7E21E /* ControlPanelView.swift in Sources */,
				ED8F74C226D7EA8A0043A056 /* SnippetsManager.swift in Sources */,
				ED138D0A26CFBB6C00CEE222 /* CompletionManager.swift in Sources */,
				ED6A554526D12E1200FD04C6 /* UIElementUtilities.m in Sources */,
				ED00A385286771C50057CA70 /* SuggestionManager.swift in Sources */,
				ED5601142985804200F7E21E /* SidebarView.swift in Sources */,
				ED138D0D26CFDF2600CEE222 /* CodeInteraction.m in Sources */,
				ED00A387286794E60057CA70 /* LicenseNoticesViewController.swift in Sources */,
				ED138CFA26CFB90A00CEE222 /* AppDelegate.swift in Sources */,
				ED560118298584C800F7E21E /* SettingsView.swift in Sources */,
			);
			runOnlyForDeploymentPostprocessing = 0;
		};
/* End PBXSourcesBuildPhase section */

/* Begin PBXVariantGroup section */
		ED138CFF26CFB91200CEE222 /* Main.storyboard */ = {
			isa = PBXVariantGroup;
			children = (
				ED138D0026CFB91200CEE222 /* Base */,
			);
			name = Main.storyboard;
			sourceTree = "<group>";
		};
/* End PBXVariantGroup section */

/* Begin XCBuildConfiguration section */
		ED138D0426CFB91200CEE222 /* Debug */ = {
			isa = XCBuildConfiguration;
			buildSettings = {
				ALWAYS_SEARCH_USER_PATHS = NO;
				CLANG_ANALYZER_NONNULL = YES;
				CLANG_ANALYZER_NUMBER_OBJECT_CONVERSION = YES_AGGRESSIVE;
				CLANG_CXX_LANGUAGE_STANDARD = "gnu++14";
				CLANG_CXX_LIBRARY = "libc++";
				CLANG_ENABLE_MODULES = YES;
				CLANG_ENABLE_OBJC_ARC = YES;
				CLANG_ENABLE_OBJC_WEAK = YES;
				CLANG_WARN_BLOCK_CAPTURE_AUTORELEASING = YES;
				CLANG_WARN_BOOL_CONVERSION = YES;
				CLANG_WARN_COMMA = YES;
				CLANG_WARN_CONSTANT_CONVERSION = YES;
				CLANG_WARN_DEPRECATED_OBJC_IMPLEMENTATIONS = YES;
				CLANG_WARN_DIRECT_OBJC_ISA_USAGE = YES_ERROR;
				CLANG_WARN_DOCUMENTATION_COMMENTS = YES;
				CLANG_WARN_EMPTY_BODY = YES;
				CLANG_WARN_ENUM_CONVERSION = YES;
				CLANG_WARN_INFINITE_RECURSION = YES;
				CLANG_WARN_INT_CONVERSION = YES;
				CLANG_WARN_NON_LITERAL_NULL_CONVERSION = YES;
				CLANG_WARN_OBJC_IMPLICIT_RETAIN_SELF = YES;
				CLANG_WARN_OBJC_LITERAL_CONVERSION = YES;
				CLANG_WARN_OBJC_ROOT_CLASS = YES_ERROR;
				CLANG_WARN_QUOTED_INCLUDE_IN_FRAMEWORK_HEADER = YES;
				CLANG_WARN_RANGE_LOOP_ANALYSIS = YES;
				CLANG_WARN_STRICT_PROTOTYPES = YES;
				CLANG_WARN_SUSPICIOUS_MOVE = YES;
				CLANG_WARN_UNGUARDED_AVAILABILITY = YES_AGGRESSIVE;
				CLANG_WARN_UNREACHABLE_CODE = YES;
				CLANG_WARN__DUPLICATE_METHOD_MATCH = YES;
				COPY_PHASE_STRIP = NO;
				DEBUG_INFORMATION_FORMAT = dwarf;
				ENABLE_STRICT_OBJC_MSGSEND = YES;
				ENABLE_TESTABILITY = YES;
				GCC_C_LANGUAGE_STANDARD = gnu11;
				GCC_DYNAMIC_NO_PIC = NO;
				GCC_NO_COMMON_BLOCKS = YES;
				GCC_OPTIMIZATION_LEVEL = 0;
				GCC_PREPROCESSOR_DEFINITIONS = (
					"DEBUG=1",
					"$(inherited)",
				);
				GCC_WARN_64_TO_32_BIT_CONVERSION = YES;
				GCC_WARN_ABOUT_RETURN_TYPE = YES_ERROR;
				GCC_WARN_UNDECLARED_SELECTOR = YES;
				GCC_WARN_UNINITIALIZED_AUTOS = YES_AGGRESSIVE;
				GCC_WARN_UNUSED_FUNCTION = YES;
				GCC_WARN_UNUSED_VARIABLE = YES;
				MACOSX_DEPLOYMENT_TARGET = 11.3;
				MTL_ENABLE_DEBUG_INFO = INCLUDE_SOURCE;
				MTL_FAST_MATH = YES;
				ONLY_ACTIVE_ARCH = YES;
				SDKROOT = macosx;
				SWIFT_ACTIVE_COMPILATION_CONDITIONS = DEBUG;
				SWIFT_OPTIMIZATION_LEVEL = "-Onone";
			};
			name = Debug;
		};
		ED138D0526CFB91200CEE222 /* Release */ = {
			isa = XCBuildConfiguration;
			buildSettings = {
				ALWAYS_SEARCH_USER_PATHS = NO;
				CLANG_ANALYZER_NONNULL = YES;
				CLANG_ANALYZER_NUMBER_OBJECT_CONVERSION = YES_AGGRESSIVE;
				CLANG_CXX_LANGUAGE_STANDARD = "gnu++14";
				CLANG_CXX_LIBRARY = "libc++";
				CLANG_ENABLE_MODULES = YES;
				CLANG_ENABLE_OBJC_ARC = YES;
				CLANG_ENABLE_OBJC_WEAK = YES;
				CLANG_WARN_BLOCK_CAPTURE_AUTORELEASING = YES;
				CLANG_WARN_BOOL_CONVERSION = YES;
				CLANG_WARN_COMMA = YES;
				CLANG_WARN_CONSTANT_CONVERSION = YES;
				CLANG_WARN_DEPRECATED_OBJC_IMPLEMENTATIONS = YES;
				CLANG_WARN_DIRECT_OBJC_ISA_USAGE = YES_ERROR;
				CLANG_WARN_DOCUMENTATION_COMMENTS = YES;
				CLANG_WARN_EMPTY_BODY = YES;
				CLANG_WARN_ENUM_CONVERSION = YES;
				CLANG_WARN_INFINITE_RECURSION = YES;
				CLANG_WARN_INT_CONVERSION = YES;
				CLANG_WARN_NON_LITERAL_NULL_CONVERSION = YES;
				CLANG_WARN_OBJC_IMPLICIT_RETAIN_SELF = YES;
				CLANG_WARN_OBJC_LITERAL_CONVERSION = YES;
				CLANG_WARN_OBJC_ROOT_CLASS = YES_ERROR;
				CLANG_WARN_QUOTED_INCLUDE_IN_FRAMEWORK_HEADER = YES;
				CLANG_WARN_RANGE_LOOP_ANALYSIS = YES;
				CLANG_WARN_STRICT_PROTOTYPES = YES;
				CLANG_WARN_SUSPICIOUS_MOVE = YES;
				CLANG_WARN_UNGUARDED_AVAILABILITY = YES_AGGRESSIVE;
				CLANG_WARN_UNREACHABLE_CODE = YES;
				CLANG_WARN__DUPLICATE_METHOD_MATCH = YES;
				COPY_PHASE_STRIP = NO;
				DEBUG_INFORMATION_FORMAT = "dwarf-with-dsym";
				ENABLE_NS_ASSERTIONS = NO;
				ENABLE_STRICT_OBJC_MSGSEND = YES;
				GCC_C_LANGUAGE_STANDARD = gnu11;
				GCC_NO_COMMON_BLOCKS = YES;
				GCC_WARN_64_TO_32_BIT_CONVERSION = YES;
				GCC_WARN_ABOUT_RETURN_TYPE = YES_ERROR;
				GCC_WARN_UNDECLARED_SELECTOR = YES;
				GCC_WARN_UNINITIALIZED_AUTOS = YES_AGGRESSIVE;
				GCC_WARN_UNUSED_FUNCTION = YES;
				GCC_WARN_UNUSED_VARIABLE = YES;
				MACOSX_DEPLOYMENT_TARGET = 11.3;
				MTL_ENABLE_DEBUG_INFO = NO;
				MTL_FAST_MATH = YES;
				SDKROOT = macosx;
				SWIFT_COMPILATION_MODE = wholemodule;
				SWIFT_OPTIMIZATION_LEVEL = "-O";
			};
			name = Release;
		};
		ED138D0726CFB91200CEE222 /* Debug */ = {
			isa = XCBuildConfiguration;
			buildSettings = {
				ASSETCATALOG_COMPILER_APPICON_NAME = AppIcon;
				ASSETCATALOG_COMPILER_GLOBAL_ACCENT_COLOR_NAME = AccentColor;
				CLANG_ENABLE_MODULES = YES;
				CODE_SIGN_ENTITLEMENTS = Suggestions/Suggestions.entitlements;
				CODE_SIGN_IDENTITY = "-";
				CODE_SIGN_STYLE = Automatic;
				COMBINE_HIDPI_IMAGES = YES;
				DEVELOPMENT_TEAM = DNFYV2TZ3T;
				ENABLE_HARDENED_RUNTIME = YES;
				INFOPLIST_FILE = Suggestions/Info.plist;
				INFOPLIST_KEY_CFBundleDisplayName = Suggestions;
				LD_RUNPATH_SEARCH_PATHS = (
					"$(inherited)",
					"@executable_path/../Frameworks",
				);
				MACOSX_DEPLOYMENT_TARGET = 11.0;
				PRODUCT_BUNDLE_IDENTIFIER = id.thedev.marcin.Suggestions;
				PRODUCT_NAME = "$(TARGET_NAME)";
				SWIFT_OBJC_BRIDGING_HEADER = "Suggestions/Suggestions-Bridging-Header.h";
				SWIFT_OPTIMIZATION_LEVEL = "-Onone";
				SWIFT_VERSION = 5.0;
			};
			name = Debug;
		};
		ED138D0826CFB91200CEE222 /* Release */ = {
			isa = XCBuildConfiguration;
			buildSettings = {
				ASSETCATALOG_COMPILER_APPICON_NAME = AppIcon;
				ASSETCATALOG_COMPILER_GLOBAL_ACCENT_COLOR_NAME = AccentColor;
				CLANG_ENABLE_MODULES = YES;
				CODE_SIGN_ENTITLEMENTS = Suggestions/Suggestions.entitlements;
				CODE_SIGN_IDENTITY = "-";
				CODE_SIGN_STYLE = Automatic;
				COMBINE_HIDPI_IMAGES = YES;
				DEVELOPMENT_TEAM = DNFYV2TZ3T;
				ENABLE_HARDENED_RUNTIME = YES;
				INFOPLIST_FILE = Suggestions/Info.plist;
				INFOPLIST_KEY_CFBundleDisplayName = Suggestions;
				LD_RUNPATH_SEARCH_PATHS = (
					"$(inherited)",
					"@executable_path/../Frameworks",
				);
				MACOSX_DEPLOYMENT_TARGET = 11.0;
				PRODUCT_BUNDLE_IDENTIFIER = id.thedev.marcin.Suggestions;
				PRODUCT_NAME = "$(TARGET_NAME)";
				SWIFT_OBJC_BRIDGING_HEADER = "Suggestions/Suggestions-Bridging-Header.h";
				SWIFT_VERSION = 5.0;
			};
			name = Release;
		};
/* End XCBuildConfiguration section */

/* Begin XCConfigurationList section */
		ED138CF126CFB90A00CEE222 /* Build configuration list for PBXProject "Suggestions" */ = {
			isa = XCConfigurationList;
			buildConfigurations = (
				ED138D0426CFB91200CEE222 /* Debug */,
				ED138D0526CFB91200CEE222 /* Release */,
			);
			defaultConfigurationIsVisible = 0;
			defaultConfigurationName = Release;
		};
		ED138D0626CFB91200CEE222 /* Build configuration list for PBXNativeTarget "Suggestions" */ = {
			isa = XCConfigurationList;
			buildConfigurations = (
				ED138D0726CFB91200CEE222 /* Debug */,
				ED138D0826CFB91200CEE222 /* Release */,
			);
			defaultConfigurationIsVisible = 0;
			defaultConfigurationName = Release;
		};
/* End XCConfigurationList section */

/* Begin XCRemoteSwiftPackageReference section */
		ED94E4432954ACD60017595F /* XCRemoteSwiftPackageReference "KeyboardShortcuts" */ = {
			isa = XCRemoteSwiftPackageReference;
			repositoryURL = "https://github.com/sindresorhus/KeyboardShortcuts";
			requirement = {
				kind = upToNextMinorVersion;
				minimumVersion = 1.1.0;
			};
		};
		ED94E4462954B6710017595F /* XCRemoteSwiftPackageReference "realm-swift" */ = {
			isa = XCRemoteSwiftPackageReference;
			repositoryURL = "https://github.com/realm/realm-swift";
			requirement = {
				kind = upToNextMinorVersion;
				minimumVersion = 10.33.0;
			};
		};
		ED94E44B2954B71F0017595F /* XCRemoteSwiftPackageReference "Highlightr" */ = {
			isa = XCRemoteSwiftPackageReference;
			repositoryURL = "https://github.com/raspu/Highlightr";
			requirement = {
				branch = master;
				kind = branch;
			};
		};
/* End XCRemoteSwiftPackageReference section */

/* Begin XCSwiftPackageProductDependency section */
		ED94E4442954ACD60017595F /* KeyboardShortcuts */ = {
			isa = XCSwiftPackageProductDependency;
			package = ED94E4432954ACD60017595F /* XCRemoteSwiftPackageReference "KeyboardShortcuts" */;
			productName = KeyboardShortcuts;
		};
		ED94E4472954B6710017595F /* Realm */ = {
			isa = XCSwiftPackageProductDependency;
			package = ED94E4462954B6710017595F /* XCRemoteSwiftPackageReference "realm-swift" */;
			productName = Realm;
		};
		ED94E4492954B6710017595F /* RealmSwift */ = {
			isa = XCSwiftPackageProductDependency;
			package = ED94E4462954B6710017595F /* XCRemoteSwiftPackageReference "realm-swift" */;
			productName = RealmSwift;
		};
		ED94E44C2954B71F0017595F /* Highlightr */ = {
			isa = XCSwiftPackageProductDependency;
			package = ED94E44B2954B71F0017595F /* XCRemoteSwiftPackageReference "Highlightr" */;
			productName = Highlightr;
		};
/* End XCSwiftPackageProductDependency section */
	};
	rootObject = ED138CEE26CFB90A00CEE222 /* Project object */;
}
